
Microsoft Visual Studio Solution File, Format Version 12.00
# Visual Studio 15
VisualStudioVersion = 15.0.28307.645
MinimumVisualStudioVersion = 10.0.40219.1
Project("{FAE04EC0-301F-11D3-BF4B-00C04F79EFBC}") = "F5074.Winforms", "F5074.Winforms\F5074.Winforms.csproj", "{38CFED43-2F87-4389-AD57-0ED198363EF4}"
EndProject
Project("{FAE04EC0-301F-11D3-BF4B-00C04F79EFBC}") = "F5074.DevExpressWinforms", "F5074.DevExpressWinforms\F5074.DevExpressWinforms.csproj", "{26248A03-0E03-4370-805A-D2F6E8A2478E}"
EndProject
Project("{FAE04EC0-301F-11D3-BF4B-00C04F79EFBC}") = "F5074.WinformsLauncher", "F5074.WinformsLauncher\F5074.WinformsLauncher.csproj", "{DB98F541-EAFE-4034-A748-C51EB8D9CF48}"
EndProject
Project("{FAE04EC0-301F-11D3-BF4B-00C04F79EFBC}") = "F5074.WPF", "F5074.WPF\F5074.WPF.csproj", "{EE8E4138-434E-4F2B-A02A-DD46DCAC24D4}"
EndProject
Project("{FAE04EC0-301F-11D3-BF4B-00C04F79EFBC}") = "F5074.MyBatisDataMapper", "F5074.MyBatisDataMapper\F5074.MyBatisDataMapper.csproj", "{CBE0C77D-77A1-4022-A7C8-0EBAC23BDBA0}"
EndProject
Project("{FAE04EC0-301F-11D3-BF4B-00C04F79EFBC}") = "F5074.LauncherWPF", "F5074.LauncherWPF\F5074.LauncherWPF.csproj", "{B78576B8-F80B-4F69-8069-1A5341B29AF9}"
EndProject
Global
	GlobalSection(SolutionConfigurationPlatforms) = preSolution
		Debug|Any CPU = Debug|Any CPU
		Release|Any CPU = Release|Any CPU
	EndGlobalSection
	GlobalSection(ProjectConfigurationPlatforms) = postSolution
		{38CFED43-2F87-4389-AD57-0ED198363EF4}.Debug|Any CPU.ActiveCfg = Debug|Any CPU
		{38CFED43-2F87-4389-AD57-0ED198363EF4}.Debug|Any CPU.Build.0 = Debug|Any CPU
		{38CFED43-2F87-4389-AD57-0ED198363EF4}.Release|Any CPU.ActiveCfg = Release|Any CPU
		{38CFED43-2F87-4389-AD57-0ED198363EF4}.Release|Any CPU.Build.0 = Release|Any CPU
		{26248A03-0E03-4370-805A-D2F6E8A2478E}.Debug|Any CPU.ActiveCfg = Debug|Any CPU
		{26248A03-0E03-4370-805A-D2F6E8A2478E}.Debug|Any CPU.Build.0 = Debug|Any CPU
		{26248A03-0E03-4370-805A-D2F6E8A2478E}.Release|Any CPU.ActiveCfg = Release|Any CPU
		{26248A03-0E03-4370-805A-D2F6E8A2478E}.Release|Any CPU.Build.0 = Release|Any CPU
		{DB98F541-EAFE-4034-A748-C51EB8D9CF48}.Debug|Any CPU.ActiveCfg = Debug|Any CPU
		{DB98F541-EAFE-4034-A748-C51EB8D9CF48}.Debug|Any CPU.Build.0 = Debug|Any CPU
		{DB98F541-EAFE-4034-A748-C51EB8D9CF48}.Release|Any CPU.ActiveCfg = Release|Any CPU
		{DB98F541-EAFE-4034-A748-C51EB8D9CF48}.Release|Any CPU.Build.0 = Release|Any CPU
		{EE8E4138-434E-4F2B-A02A-DD46DCAC24D4}.Debug|Any CPU.ActiveCfg = Debug|Any CPU
		{EE8E4138-434E-4F2B-A02A-DD46DCAC24D4}.Debug|Any CPU.Build.0 = Debug|Any CPU
		{EE8E4138-434E-4F2B-A02A-DD46DCAC24D4}.Release|Any CPU.ActiveCfg = Release|Any CPU
		{EE8E4138-434E-4F2B-A02A-DD46DCAC24D4}.Release|Any CPU.Build.0 = Release|Any CPU
		{CBE0C77D-77A1-4022-A7C8-0EBAC23BDBA0}.Debug|Any CPU.ActiveCfg = Debug|Any CPU
		{CBE0C77D-77A1-4022-A7C8-0EBAC23BDBA0}.Debug|Any CPU.Build.0 = Debug|Any CPU
		{CBE0C77D-77A1-4022-A7C8-0EBAC23BDBA0}.Release|Any CPU.ActiveCfg = Release|Any CPU
		{CBE0C77D-77A1-4022-A7C8-0EBAC23BDBA0}.Release|Any CPU.Build.0 = Release|Any CPU
		{B78576B8-F80B-4F69-8069-1A5341B29AF9}.Debug|Any CPU.ActiveCfg = Debug|Any CPU
		{B78576B8-F80B-4F69-8069-1A5341B29AF9}.Debug|Any CPU.Build.0 = Debug|Any CPU
		{B78576B8-F80B-4F69-8069-1A5341B29AF9}.Release|Any CPU.ActiveCfg = Release|Any CPU
		{B78576B8-F80B-4F69-8069-1A5341B29AF9}.Release|Any CPU.Build.0 = Release|Any CPU
	EndGlobalSection
	GlobalSection(SolutionProperties) = preSolution
		HideSolutionNode = FALSE
	EndGlobalSection
	GlobalSection(ExtensibilityGlobals) = postSolution
		SolutionGuid = {E4DFAD5D-969C-4F70-9E09-FD091C8D931F}
	EndGlobalSection
EndGlobal
