
Microsoft Visual Studio Solution File, Format Version 12.00
# Visual Studio Version 16
VisualStudioVersion = 16.0.30711.63
MinimumVisualStudioVersion = 10.0.40219.1
Project("{FAE04EC0-301F-11D3-BF4B-00C04F79EFBC}") = "F5074.LauncherWinforms", "F5074.LauncherWinforms\F5074.LauncherWinforms.csproj", "{ED0B12AE-E45D-4B21-97C9-A9EBCF1E5820}"
EndProject
Project("{2150E333-8FDC-42A3-9474-1A3956D46DE8}") = "UI", "UI", "{2EF77A0C-DF13-483E-B6FC-9B74446A042D}"
EndProject
Project("{2150E333-8FDC-42A3-9474-1A3956D46DE8}") = "Launcher", "Launcher", "{DA77B5D3-D846-45AA-BE2A-5DD95648D395}"
EndProject
Project("{2150E333-8FDC-42A3-9474-1A3956D46DE8}") = "Common", "Common", "{D26845EF-DC17-48DE-9D83-8A52D30FE0A2}"
EndProject
Project("{FAE04EC0-301F-11D3-BF4B-00C04F79EFBC}") = "F5074.MyBatisDataMapper", "F5074.MyBatisDataMapper\F5074.MyBatisDataMapper.csproj", "{CBE0C77D-77A1-4022-A7C8-0EBAC23BDBA0}"
EndProject
Project("{FAE04EC0-301F-11D3-BF4B-00C04F79EFBC}") = "F5074.DevExpressWinforms", "F5074.DevExpressWinforms\F5074.DevExpressWinforms.csproj", "{26248A03-0E03-4370-805A-D2F6E8A2478E}"
EndProject
Project("{FAE04EC0-301F-11D3-BF4B-00C04F79EFBC}") = "F5074.Winforms", "F5074.Winforms\F5074.Winforms.csproj", "{38CFED43-2F87-4389-AD57-0ED198363EF4}"
EndProject
Project("{FAE04EC0-301F-11D3-BF4B-00C04F79EFBC}") = "F5074.WPF", "F5074.WPF\F5074.WPF.csproj", "{EE8E4138-434E-4F2B-A02A-DD46DCAC24D4}"
EndProject
Project("{FAE04EC0-301F-11D3-BF4B-00C04F79EFBC}") = "F5074.LauncherWPF", "F5074.LauncherWPF\F5074.LauncherWPF.csproj", "{B78576B8-F80B-4F69-8069-1A5341B29AF9}"
EndProject
Project("{FAE04EC0-301F-11D3-BF4B-00C04F79EFBC}") = "F5074.Common", "F5074.Common\F5074.Common.csproj", "{A21C0BD8-4914-40B7-84B3-CF2493EAE1EE}"
EndProject
Project("{FAE04EC0-301F-11D3-BF4B-00C04F79EFBC}") = "F5074.UI", "F5074.UI\F5074.UI.csproj", "{0901D9B3-8681-4903-9BAA-94FFDCA6F150}"
EndProject
Global
	GlobalSection(SolutionConfigurationPlatforms) = preSolution
		Debug|Any CPU = Debug|Any CPU
		Release|Any CPU = Release|Any CPU
	EndGlobalSection
	GlobalSection(ProjectConfigurationPlatforms) = postSolution
		{ED0B12AE-E45D-4B21-97C9-A9EBCF1E5820}.Debug|Any CPU.ActiveCfg = Debug|Any CPU
		{ED0B12AE-E45D-4B21-97C9-A9EBCF1E5820}.Debug|Any CPU.Build.0 = Debug|Any CPU
		{ED0B12AE-E45D-4B21-97C9-A9EBCF1E5820}.Release|Any CPU.ActiveCfg = Release|Any CPU
		{ED0B12AE-E45D-4B21-97C9-A9EBCF1E5820}.Release|Any CPU.Build.0 = Release|Any CPU
		{CBE0C77D-77A1-4022-A7C8-0EBAC23BDBA0}.Debug|Any CPU.ActiveCfg = Debug|Any CPU
		{CBE0C77D-77A1-4022-A7C8-0EBAC23BDBA0}.Debug|Any CPU.Build.0 = Debug|Any CPU
		{CBE0C77D-77A1-4022-A7C8-0EBAC23BDBA0}.Release|Any CPU.ActiveCfg = Release|Any CPU
		{CBE0C77D-77A1-4022-A7C8-0EBAC23BDBA0}.Release|Any CPU.Build.0 = Release|Any CPU
		{26248A03-0E03-4370-805A-D2F6E8A2478E}.Debug|Any CPU.ActiveCfg = Debug|Any CPU
		{26248A03-0E03-4370-805A-D2F6E8A2478E}.Debug|Any CPU.Build.0 = Debug|Any CPU
		{26248A03-0E03-4370-805A-D2F6E8A2478E}.Release|Any CPU.ActiveCfg = Release|Any CPU
		{26248A03-0E03-4370-805A-D2F6E8A2478E}.Release|Any CPU.Build.0 = Release|Any CPU
		{38CFED43-2F87-4389-AD57-0ED198363EF4}.Debug|Any CPU.ActiveCfg = Debug|Any CPU
		{38CFED43-2F87-4389-AD57-0ED198363EF4}.Debug|Any CPU.Build.0 = Debug|Any CPU
		{38CFED43-2F87-4389-AD57-0ED198363EF4}.Release|Any CPU.ActiveCfg = Release|Any CPU
		{38CFED43-2F87-4389-AD57-0ED198363EF4}.Release|Any CPU.Build.0 = Release|Any CPU
		{EE8E4138-434E-4F2B-A02A-DD46DCAC24D4}.Debug|Any CPU.ActiveCfg = Debug|Any CPU
		{EE8E4138-434E-4F2B-A02A-DD46DCAC24D4}.Debug|Any CPU.Build.0 = Debug|Any CPU
		{EE8E4138-434E-4F2B-A02A-DD46DCAC24D4}.Release|Any CPU.ActiveCfg = Release|Any CPU
		{EE8E4138-434E-4F2B-A02A-DD46DCAC24D4}.Release|Any CPU.Build.0 = Release|Any CPU
		{B78576B8-F80B-4F69-8069-1A5341B29AF9}.Debug|Any CPU.ActiveCfg = Debug|Any CPU
		{B78576B8-F80B-4F69-8069-1A5341B29AF9}.Debug|Any CPU.Build.0 = Debug|Any CPU
		{B78576B8-F80B-4F69-8069-1A5341B29AF9}.Release|Any CPU.ActiveCfg = Release|Any CPU
		{B78576B8-F80B-4F69-8069-1A5341B29AF9}.Release|Any CPU.Build.0 = Release|Any CPU
		{A21C0BD8-4914-40B7-84B3-CF2493EAE1EE}.Debug|Any CPU.ActiveCfg = Debug|Any CPU
		{A21C0BD8-4914-40B7-84B3-CF2493EAE1EE}.Debug|Any CPU.Build.0 = Debug|Any CPU
		{A21C0BD8-4914-40B7-84B3-CF2493EAE1EE}.Release|Any CPU.ActiveCfg = Release|Any CPU
		{A21C0BD8-4914-40B7-84B3-CF2493EAE1EE}.Release|Any CPU.Build.0 = Release|Any CPU
		{0901D9B3-8681-4903-9BAA-94FFDCA6F150}.Debug|Any CPU.ActiveCfg = Debug|Any CPU
		{0901D9B3-8681-4903-9BAA-94FFDCA6F150}.Debug|Any CPU.Build.0 = Debug|Any CPU
		{0901D9B3-8681-4903-9BAA-94FFDCA6F150}.Release|Any CPU.ActiveCfg = Release|Any CPU
		{0901D9B3-8681-4903-9BAA-94FFDCA6F150}.Release|Any CPU.Build.0 = Release|Any CPU
	EndGlobalSection
	GlobalSection(SolutionProperties) = preSolution
		HideSolutionNode = FALSE
	EndGlobalSection
	GlobalSection(NestedProjects) = preSolution
		{ED0B12AE-E45D-4B21-97C9-A9EBCF1E5820} = {DA77B5D3-D846-45AA-BE2A-5DD95648D395}
		{CBE0C77D-77A1-4022-A7C8-0EBAC23BDBA0} = {D26845EF-DC17-48DE-9D83-8A52D30FE0A2}
		{26248A03-0E03-4370-805A-D2F6E8A2478E} = {2EF77A0C-DF13-483E-B6FC-9B74446A042D}
		{38CFED43-2F87-4389-AD57-0ED198363EF4} = {2EF77A0C-DF13-483E-B6FC-9B74446A042D}
		{EE8E4138-434E-4F2B-A02A-DD46DCAC24D4} = {2EF77A0C-DF13-483E-B6FC-9B74446A042D}
		{B78576B8-F80B-4F69-8069-1A5341B29AF9} = {DA77B5D3-D846-45AA-BE2A-5DD95648D395}
		{A21C0BD8-4914-40B7-84B3-CF2493EAE1EE} = {D26845EF-DC17-48DE-9D83-8A52D30FE0A2}
		{0901D9B3-8681-4903-9BAA-94FFDCA6F150} = {2EF77A0C-DF13-483E-B6FC-9B74446A042D}
	EndGlobalSection
	GlobalSection(ExtensibilityGlobals) = postSolution
		SolutionGuid = {E4DFAD5D-969C-4F70-9E09-FD091C8D931F}
	EndGlobalSection
EndGlobal
