
Microsoft Visual Studio Solution File, Format Version 12.00
# Visual Studio Version 16
VisualStudioVersion = 16.0.30711.63
MinimumVisualStudioVersion = 10.0.40219.1
Project("{FAE04EC0-301F-11D3-BF4B-00C04F79EFBC}") = "F5074.LauncherWinforms", "F5074.LauncherWinforms\F5074.LauncherWinforms.csproj", "{ED0B12AE-E45D-4B21-97C9-A9EBCF1E5820}"
EndProject
Project("{2150E333-8FDC-42A3-9474-1A3956D46DE8}") = "UI", "UI", "{2EF77A0C-DF13-483E-B6FC-9B74446A042D}"
EndProject
Project("{2150E333-8FDC-42A3-9474-1A3956D46DE8}") = "Launcher", "Launcher", "{DA77B5D3-D846-45AA-BE2A-5DD95648D395}"
EndProject
Project("{2150E333-8FDC-42A3-9474-1A3956D46DE8}") = "Common", "Common", "{D26845EF-DC17-48DE-9D83-8A52D30FE0A2}"
EndProject
Global
	GlobalSection(SolutionConfigurationPlatforms) = preSolution
		Debug|Any CPU = Debug|Any CPU
		Release|Any CPU = Release|Any CPU
	EndGlobalSection
	GlobalSection(ProjectConfigurationPlatforms) = postSolution
		{ED0B12AE-E45D-4B21-97C9-A9EBCF1E5820}.Debug|Any CPU.ActiveCfg = Debug|Any CPU
		{ED0B12AE-E45D-4B21-97C9-A9EBCF1E5820}.Debug|Any CPU.Build.0 = Debug|Any CPU
		{ED0B12AE-E45D-4B21-97C9-A9EBCF1E5820}.Release|Any CPU.ActiveCfg = Release|Any CPU
		{ED0B12AE-E45D-4B21-97C9-A9EBCF1E5820}.Release|Any CPU.Build.0 = Release|Any CPU
	EndGlobalSection
	GlobalSection(SolutionProperties) = preSolution
		HideSolutionNode = FALSE
	EndGlobalSection
	GlobalSection(NestedProjects) = preSolution
		{ED0B12AE-E45D-4B21-97C9-A9EBCF1E5820} = {DA77B5D3-D846-45AA-BE2A-5DD95648D395}
	EndGlobalSection
	GlobalSection(ExtensibilityGlobals) = postSolution
		SolutionGuid = {E4DFAD5D-969C-4F70-9E09-FD091C8D931F}
	EndGlobalSection
EndGlobal
